
Microsoft Visual Studio Solution File, Format Version 12.00
Project("{FAE04EC0-301F-11D3-BF4B-00C04F79EFBC}") = "TeamSearcher", "TeamSearcher\TeamSearcher.csproj", "{54A1A076-BC3B-4CE9-90AD-ADB1B54B907A}"
EndProject
Project("{FAE04EC0-301F-11D3-BF4B-00C04F79EFBC}") = "TeamSearcher.Android", "TeamSearcher.Android\TeamSearcher.Android.csproj", "{879BB2B3-2C9C-4409-ACD9-8FF0A6F529F6}"
EndProject
Project("{FAE04EC0-301F-11D3-BF4B-00C04F79EFBC}") = "TeamSearcher.Desktop", "TeamSearcher.Desktop\TeamSearcher.Desktop.csproj", "{675EE7B4-2CEE-4FFA-86C9-73EAD1A87EF5}"
EndProject
Project("{FAE04EC0-301F-11D3-BF4B-00C04F79EFBC}") = "TeamSearcher.Browser", "TeamSearcher.Browser\TeamSearcher.Browser.csproj", "{F7293F01-44F6-4CF1-8D42-668C8488F081}"
EndProject
Global
	GlobalSection(SolutionConfigurationPlatforms) = preSolution
		Debug|Any CPU = Debug|Any CPU
		Release|Any CPU = Release|Any CPU
	EndGlobalSection
	GlobalSection(ProjectConfigurationPlatforms) = postSolution
		{54A1A076-BC3B-4CE9-90AD-ADB1B54B907A}.Debug|Any CPU.ActiveCfg = Debug|Any CPU
		{54A1A076-BC3B-4CE9-90AD-ADB1B54B907A}.Debug|Any CPU.Build.0 = Debug|Any CPU
		{54A1A076-BC3B-4CE9-90AD-ADB1B54B907A}.Release|Any CPU.ActiveCfg = Release|Any CPU
		{54A1A076-BC3B-4CE9-90AD-ADB1B54B907A}.Release|Any CPU.Build.0 = Release|Any CPU
		{879BB2B3-2C9C-4409-ACD9-8FF0A6F529F6}.Debug|Any CPU.ActiveCfg = Debug|Any CPU
		{879BB2B3-2C9C-4409-ACD9-8FF0A6F529F6}.Debug|Any CPU.Build.0 = Debug|Any CPU
		{879BB2B3-2C9C-4409-ACD9-8FF0A6F529F6}.Debug|Any CPU.Deploy.0 = Debug|Any CPU
		{879BB2B3-2C9C-4409-ACD9-8FF0A6F529F6}.Release|Any CPU.ActiveCfg = Release|Any CPU
		{879BB2B3-2C9C-4409-ACD9-8FF0A6F529F6}.Release|Any CPU.Build.0 = Release|Any CPU
		{879BB2B3-2C9C-4409-ACD9-8FF0A6F529F6}.Release|Any CPU.Deploy.0 = Release|Any CPU
		{675EE7B4-2CEE-4FFA-86C9-73EAD1A87EF5}.Debug|Any CPU.ActiveCfg = Debug|Any CPU
		{675EE7B4-2CEE-4FFA-86C9-73EAD1A87EF5}.Debug|Any CPU.Build.0 = Debug|Any CPU
		{675EE7B4-2CEE-4FFA-86C9-73EAD1A87EF5}.Release|Any CPU.ActiveCfg = Release|Any CPU
		{675EE7B4-2CEE-4FFA-86C9-73EAD1A87EF5}.Release|Any CPU.Build.0 = Release|Any CPU
		{F7293F01-44F6-4CF1-8D42-668C8488F081}.Debug|Any CPU.ActiveCfg = Debug|Any CPU
		{F7293F01-44F6-4CF1-8D42-668C8488F081}.Debug|Any CPU.Build.0 = Debug|Any CPU
		{F7293F01-44F6-4CF1-8D42-668C8488F081}.Release|Any CPU.ActiveCfg = Release|Any CPU
		{F7293F01-44F6-4CF1-8D42-668C8488F081}.Release|Any CPU.Build.0 = Release|Any CPU
	EndGlobalSection
EndGlobal
