<Solution>
  <Project Path="TeamSearcher.Android/TeamSearcher.Android.csproj">
    <Deploy />
  </Project>
  <Project Path="TeamSearcher.Browser/TeamSearcher.Browser.csproj" />
  <Project Path="TeamSearcher.Desktop/TeamSearcher.Desktop.csproj" />
  <Project Path="TeamSearcher.iOS/TeamSearcher.iOS.csproj">
    <Deploy />
  </Project>
  <Project Path="TeamSearcher/TeamSearcher.csproj" />
</Solution>
