Microsoft Visual Studio Solution File, Format Version 12.00
# Visual Studio Version 17
VisualStudioVersion = 17.5.2.0
MinimumVisualStudioVersion = 10.0.40219.1
Project("{FAE04EC0-301F-11D3-BF4B-00C04F79EFBC}") = "TeamSearcherAPI", "TeamSearcherAPI.csproj", "{802BFBDA-28D7-9418-1BD5-F8C0B81D130C}"
EndProject
Global
	GlobalSection(SolutionConfigurationPlatforms) = preSolution
		Debug|Any CPU = Debug|Any CPU
		Release|Any CPU = Release|Any CPU
	EndGlobalSection
	GlobalSection(ProjectConfigurationPlatforms) = postSolution
		{802BFBDA-28D7-9418-1BD5-F8C0B81D130C}.Debug|Any CPU.ActiveCfg = Debug|Any CPU
		{802BFBDA-28D7-9418-1BD5-F8C0B81D130C}.Debug|Any CPU.Build.0 = Debug|Any CPU
		{802BFBDA-28D7-9418-1BD5-F8C0B81D130C}.Release|Any CPU.ActiveCfg = Release|Any CPU
		{802BFBDA-28D7-9418-1BD5-F8C0B81D130C}.Release|Any CPU.Build.0 = Release|Any CPU
	EndGlobalSection
	GlobalSection(SolutionProperties) = preSolution
		HideSolutionNode = FALSE
	EndGlobalSection
	GlobalSection(ExtensibilityGlobals) = postSolution
		SolutionGuid = {B4A700EA-D0AE-4C24-AC7D-31421C55183B}
	EndGlobalSection
EndGlobal
